
Microsoft Visual Studio Solution File, Format Version 12.00
# Visual Studio Version 17
VisualStudioVersion = 17.5.33627.172
MinimumVisualStudioVersion = 10.0.40219.1
Project("{FAE04EC0-301F-11D3-BF4B-00C04F79EFBC}") = "UnitTestsForQuadratic", "UnitTestsForQuadratic\UnitTestsForQuadratic.csproj", "{314D4F3F-E80F-417B-8281-78CD82BEC9D8}"
EndProject
Project("{FAE04EC0-301F-11D3-BF4B-00C04F79EFBC}") = "ConsoleApp1", "ConsoleApp1\ConsoleApp1.csproj", "{E1FAC5FF-C839-4163-B43A-72C3031B84E7}"
EndProject
Global
	GlobalSection(SolutionConfigurationPlatforms) = preSolution
		Debug|Any CPU = Debug|Any CPU
		Release|Any CPU = Release|Any CPU
	EndGlobalSection
	GlobalSection(ProjectConfigurationPlatforms) = postSolution
		{314D4F3F-E80F-417B-8281-78CD82BEC9D8}.Debug|Any CPU.ActiveCfg = Debug|Any CPU
		{314D4F3F-E80F-417B-8281-78CD82BEC9D8}.Debug|Any CPU.Build.0 = Debug|Any CPU
		{314D4F3F-E80F-417B-8281-78CD82BEC9D8}.Release|Any CPU.ActiveCfg = Release|Any CPU
		{314D4F3F-E80F-417B-8281-78CD82BEC9D8}.Release|Any CPU.Build.0 = Release|Any CPU
		{E1FAC5FF-C839-4163-B43A-72C3031B84E7}.Debug|Any CPU.ActiveCfg = Debug|Any CPU
		{E1FAC5FF-C839-4163-B43A-72C3031B84E7}.Debug|Any CPU.Build.0 = Debug|Any CPU
		{E1FAC5FF-C839-4163-B43A-72C3031B84E7}.Release|Any CPU.ActiveCfg = Release|Any CPU
		{E1FAC5FF-C839-4163-B43A-72C3031B84E7}.Release|Any CPU.Build.0 = Release|Any CPU
	EndGlobalSection
	GlobalSection(SolutionProperties) = preSolution
		HideSolutionNode = FALSE
	EndGlobalSection
	GlobalSection(ExtensibilityGlobals) = postSolution
		SolutionGuid = {EE64A8A1-32CE-4DC1-B4BF-BEE8B15E1A0F}
	EndGlobalSection
EndGlobal
